
Microsoft Visual Studio Solution File, Format Version 12.00
# Visual Studio 14
VisualStudioVersion = 14.0.24720.0
MinimumVisualStudioVersion = 10.0.40219.1
Project("{FAE04EC0-301F-11D3-BF4B-00C04F79EFBC}") = "Fulbert", "Fulbert\Fulbert.csproj", "{BAF0F03A-215D-4E88-BE02-A86E06CDF746}"
EndProject
Project("{2150E333-8FDC-42A3-9474-1A3956D46DE8}") = "Tests", "Tests", "{4050B4C5-FAAC-48E2-84CA-37093D1BF972}"
EndProject
Project("{2150E333-8FDC-42A3-9474-1A3956D46DE8}") = "DAL", "DAL", "{3EE89B08-F109-4C7B-9765-5FF83D60D14A}"
EndProject
Project("{2150E333-8FDC-42A3-9474-1A3956D46DE8}") = "DAL", "DAL", "{F670ACA2-7BF1-4C0A-9234-320775508095}"
EndProject
Project("{FAE04EC0-301F-11D3-BF4B-00C04F79EFBC}") = "Fulbert.DAL.PatientDAL", "DAL\Fulbert.DAL.PatientDAL\Fulbert.DAL.PatientDAL.csproj", "{0B6C3ED5-7D80-42A2-A80A-D9EBB486555C}"
EndProject
Project("{FAE04EC0-301F-11D3-BF4B-00C04F79EFBC}") = "Fulbert.DAL.PatientDAL.Tests", "Tests\DAL\Fulbert.DAL.PatientDAL.Tests\Fulbert.DAL.PatientDAL.Tests.csproj", "{4A0EBD74-6A1F-482A-A63D-3285A6322B44}"
EndProject
Project("{2150E333-8FDC-42A3-9474-1A3956D46DE8}") = "BLL", "BLL", "{5A204D99-E45D-491B-B5A8-9C598752E461}"
EndProject
Project("{2150E333-8FDC-42A3-9474-1A3956D46DE8}") = "BLL", "BLL", "{CBAAEC5E-C2CB-4956-BDE0-429FF3480E47}"
EndProject
Project("{FAE04EC0-301F-11D3-BF4B-00C04F79EFBC}") = "Fulbert.Tests.Common", "Tests\Fulbert.Tests.Common\Fulbert.Tests.Common.csproj", "{E0CE9EAA-481D-4CF3-868D-A25973C1888D}"
EndProject
Project("{FAE04EC0-301F-11D3-BF4B-00C04F79EFBC}") = "Fulbert.BLL.Services", "BLL\Fulbert.BLL.Services\Fulbert.BLL.Services.csproj", "{2EEF0440-3CDD-4812-A3AA-A676F93378E2}"
EndProject
Project("{FAE04EC0-301F-11D3-BF4B-00C04F79EFBC}") = "Fulbert.BLL.Services.Tests", "Tests\BLL\Fulbert.BLL.Services.Tests\Fulbert.BLL.Services.Tests.csproj", "{EB4F8AF5-72B4-4DFD-B77B-0B178045A797}"
EndProject
Project("{FAE04EC0-301F-11D3-BF4B-00C04F79EFBC}") = "Fulbert.Commons", "Fulbert.Commons\Fulbert.Commons.csproj", "{1D4E2A9D-F484-445D-8D5A-5110E6DADBE9}"
EndProject
Project("{2150E333-8FDC-42A3-9474-1A3956D46DE8}") = "Modules", "Modules", "{1EF34D50-6298-4142-8E1B-509C7EF4E9D9}"
EndProject
Project("{FAE04EC0-301F-11D3-BF4B-00C04F79EFBC}") = "Fulbert.Modules.PatientModule", "Modules\Fulbert.Modules.PatientModule\Fulbert.Modules.PatientModule.csproj", "{3A2CF97C-6B94-461A-9D59-A7D4C7BAD8D7}"
EndProject
Project("{FAE04EC0-301F-11D3-BF4B-00C04F79EFBC}") = "Fulbert.Infrastructure", "Fulbert.Infrastructure\Fulbert.Infrastructure.csproj", "{95FA0E4F-7269-4291-9859-BE3A5381D1FF}"
EndProject
Project("{2150E333-8FDC-42A3-9474-1A3956D46DE8}") = "Presentation", "Presentation", "{574E3F33-29B8-49A5-838F-9BD3BA7E6A85}"
EndProject
Project("{FAE04EC0-301F-11D3-BF4B-00C04F79EFBC}") = "Fulbert.Presentation.ActionsModule", "Presentation\Fulbert.Presentation.ActionsModule\Fulbert.Presentation.ActionsModule.csproj", "{034B79A3-1B4B-40F4-8F1B-2FBE834258E6}"
EndProject
Project("{FAE04EC0-301F-11D3-BF4B-00C04F79EFBC}") = "Fulbert.Presentation.Localization", "Presentation\Fulbert.Presentation.Localization\Fulbert.Presentation.Localization.csproj", "{D7E634BE-A8B0-4E90-80C6-D6D5F2491236}"
EndProject
Global
	GlobalSection(SolutionConfigurationPlatforms) = preSolution
		Debug|Any CPU = Debug|Any CPU
		Release|Any CPU = Release|Any CPU
	EndGlobalSection
	GlobalSection(ProjectConfigurationPlatforms) = postSolution
		{BAF0F03A-215D-4E88-BE02-A86E06CDF746}.Debug|Any CPU.ActiveCfg = Debug|Any CPU
		{BAF0F03A-215D-4E88-BE02-A86E06CDF746}.Debug|Any CPU.Build.0 = Debug|Any CPU
		{BAF0F03A-215D-4E88-BE02-A86E06CDF746}.Release|Any CPU.ActiveCfg = Release|Any CPU
		{BAF0F03A-215D-4E88-BE02-A86E06CDF746}.Release|Any CPU.Build.0 = Release|Any CPU
		{0B6C3ED5-7D80-42A2-A80A-D9EBB486555C}.Debug|Any CPU.ActiveCfg = Debug|Any CPU
		{0B6C3ED5-7D80-42A2-A80A-D9EBB486555C}.Debug|Any CPU.Build.0 = Debug|Any CPU
		{0B6C3ED5-7D80-42A2-A80A-D9EBB486555C}.Release|Any CPU.ActiveCfg = Release|Any CPU
		{0B6C3ED5-7D80-42A2-A80A-D9EBB486555C}.Release|Any CPU.Build.0 = Release|Any CPU
		{4A0EBD74-6A1F-482A-A63D-3285A6322B44}.Debug|Any CPU.ActiveCfg = Debug|Any CPU
		{4A0EBD74-6A1F-482A-A63D-3285A6322B44}.Debug|Any CPU.Build.0 = Debug|Any CPU
		{4A0EBD74-6A1F-482A-A63D-3285A6322B44}.Release|Any CPU.ActiveCfg = Release|Any CPU
		{4A0EBD74-6A1F-482A-A63D-3285A6322B44}.Release|Any CPU.Build.0 = Release|Any CPU
		{E0CE9EAA-481D-4CF3-868D-A25973C1888D}.Debug|Any CPU.ActiveCfg = Debug|Any CPU
		{E0CE9EAA-481D-4CF3-868D-A25973C1888D}.Debug|Any CPU.Build.0 = Debug|Any CPU
		{E0CE9EAA-481D-4CF3-868D-A25973C1888D}.Release|Any CPU.ActiveCfg = Release|Any CPU
		{E0CE9EAA-481D-4CF3-868D-A25973C1888D}.Release|Any CPU.Build.0 = Release|Any CPU
		{2EEF0440-3CDD-4812-A3AA-A676F93378E2}.Debug|Any CPU.ActiveCfg = Debug|Any CPU
		{2EEF0440-3CDD-4812-A3AA-A676F93378E2}.Debug|Any CPU.Build.0 = Debug|Any CPU
		{2EEF0440-3CDD-4812-A3AA-A676F93378E2}.Release|Any CPU.ActiveCfg = Release|Any CPU
		{2EEF0440-3CDD-4812-A3AA-A676F93378E2}.Release|Any CPU.Build.0 = Release|Any CPU
		{EB4F8AF5-72B4-4DFD-B77B-0B178045A797}.Debug|Any CPU.ActiveCfg = Debug|Any CPU
		{EB4F8AF5-72B4-4DFD-B77B-0B178045A797}.Debug|Any CPU.Build.0 = Debug|Any CPU
		{EB4F8AF5-72B4-4DFD-B77B-0B178045A797}.Release|Any CPU.ActiveCfg = Release|Any CPU
		{EB4F8AF5-72B4-4DFD-B77B-0B178045A797}.Release|Any CPU.Build.0 = Release|Any CPU
		{1D4E2A9D-F484-445D-8D5A-5110E6DADBE9}.Debug|Any CPU.ActiveCfg = Debug|Any CPU
		{1D4E2A9D-F484-445D-8D5A-5110E6DADBE9}.Debug|Any CPU.Build.0 = Debug|Any CPU
		{1D4E2A9D-F484-445D-8D5A-5110E6DADBE9}.Release|Any CPU.ActiveCfg = Release|Any CPU
		{1D4E2A9D-F484-445D-8D5A-5110E6DADBE9}.Release|Any CPU.Build.0 = Release|Any CPU
		{3A2CF97C-6B94-461A-9D59-A7D4C7BAD8D7}.Debug|Any CPU.ActiveCfg = Debug|Any CPU
		{3A2CF97C-6B94-461A-9D59-A7D4C7BAD8D7}.Debug|Any CPU.Build.0 = Debug|Any CPU
		{3A2CF97C-6B94-461A-9D59-A7D4C7BAD8D7}.Release|Any CPU.ActiveCfg = Release|Any CPU
		{3A2CF97C-6B94-461A-9D59-A7D4C7BAD8D7}.Release|Any CPU.Build.0 = Release|Any CPU
		{95FA0E4F-7269-4291-9859-BE3A5381D1FF}.Debug|Any CPU.ActiveCfg = Debug|Any CPU
		{95FA0E4F-7269-4291-9859-BE3A5381D1FF}.Debug|Any CPU.Build.0 = Debug|Any CPU
		{95FA0E4F-7269-4291-9859-BE3A5381D1FF}.Release|Any CPU.ActiveCfg = Release|Any CPU
		{95FA0E4F-7269-4291-9859-BE3A5381D1FF}.Release|Any CPU.Build.0 = Release|Any CPU
		{034B79A3-1B4B-40F4-8F1B-2FBE834258E6}.Debug|Any CPU.ActiveCfg = Debug|Any CPU
		{034B79A3-1B4B-40F4-8F1B-2FBE834258E6}.Debug|Any CPU.Build.0 = Debug|Any CPU
		{034B79A3-1B4B-40F4-8F1B-2FBE834258E6}.Release|Any CPU.ActiveCfg = Release|Any CPU
		{034B79A3-1B4B-40F4-8F1B-2FBE834258E6}.Release|Any CPU.Build.0 = Release|Any CPU
		{D7E634BE-A8B0-4E90-80C6-D6D5F2491236}.Debug|Any CPU.ActiveCfg = Debug|Any CPU
		{D7E634BE-A8B0-4E90-80C6-D6D5F2491236}.Debug|Any CPU.Build.0 = Debug|Any CPU
		{D7E634BE-A8B0-4E90-80C6-D6D5F2491236}.Release|Any CPU.ActiveCfg = Release|Any CPU
		{D7E634BE-A8B0-4E90-80C6-D6D5F2491236}.Release|Any CPU.Build.0 = Release|Any CPU
	EndGlobalSection
	GlobalSection(SolutionProperties) = preSolution
		HideSolutionNode = FALSE
	EndGlobalSection
	GlobalSection(NestedProjects) = preSolution
		{3EE89B08-F109-4C7B-9765-5FF83D60D14A} = {4050B4C5-FAAC-48E2-84CA-37093D1BF972}
		{0B6C3ED5-7D80-42A2-A80A-D9EBB486555C} = {F670ACA2-7BF1-4C0A-9234-320775508095}
		{4A0EBD74-6A1F-482A-A63D-3285A6322B44} = {3EE89B08-F109-4C7B-9765-5FF83D60D14A}
		{CBAAEC5E-C2CB-4956-BDE0-429FF3480E47} = {4050B4C5-FAAC-48E2-84CA-37093D1BF972}
		{E0CE9EAA-481D-4CF3-868D-A25973C1888D} = {4050B4C5-FAAC-48E2-84CA-37093D1BF972}
		{2EEF0440-3CDD-4812-A3AA-A676F93378E2} = {5A204D99-E45D-491B-B5A8-9C598752E461}
		{EB4F8AF5-72B4-4DFD-B77B-0B178045A797} = {CBAAEC5E-C2CB-4956-BDE0-429FF3480E47}
		{3A2CF97C-6B94-461A-9D59-A7D4C7BAD8D7} = {1EF34D50-6298-4142-8E1B-509C7EF4E9D9}
		{034B79A3-1B4B-40F4-8F1B-2FBE834258E6} = {574E3F33-29B8-49A5-838F-9BD3BA7E6A85}
		{D7E634BE-A8B0-4E90-80C6-D6D5F2491236} = {574E3F33-29B8-49A5-838F-9BD3BA7E6A85}
	EndGlobalSection
EndGlobal
