
Microsoft Visual Studio Solution File, Format Version 12.00
# Visual Studio 14
VisualStudioVersion = 14.0.24720.0
MinimumVisualStudioVersion = 10.0.40219.1
Project("{FAE04EC0-301F-11D3-BF4B-00C04F79EFBC}") = "Fulbert", "Fulbert\Fulbert.csproj", "{BAF0F03A-215D-4E88-BE02-A86E06CDF746}"
EndProject
Project("{2150E333-8FDC-42A3-9474-1A3956D46DE8}") = "Tests", "Tests", "{4050B4C5-FAAC-48E2-84CA-37093D1BF972}"
EndProject
Project("{2150E333-8FDC-42A3-9474-1A3956D46DE8}") = "DAL", "DAL", "{3EE89B08-F109-4C7B-9765-5FF83D60D14A}"
EndProject
Project("{2150E333-8FDC-42A3-9474-1A3956D46DE8}") = "DAL", "DAL", "{F670ACA2-7BF1-4C0A-9234-320775508095}"
EndProject
Project("{FAE04EC0-301F-11D3-BF4B-00C04F79EFBC}") = "Fulbert.DAL.PatientDAL", "DAL\Fulbert.DAL.PatientDAL\Fulbert.DAL.PatientDAL.csproj", "{0B6C3ED5-7D80-42A2-A80A-D9EBB486555C}"
EndProject
Project("{FAE04EC0-301F-11D3-BF4B-00C04F79EFBC}") = "Fulbert.DAL.PatientDAL.Tests", "Tests\DAL\Fulbert.DAL.PatientDAL.Tests\Fulbert.DAL.PatientDAL.Tests.csproj", "{4A0EBD74-6A1F-482A-A63D-3285A6322B44}"
EndProject
Project("{2150E333-8FDC-42A3-9474-1A3956D46DE8}") = "BLL", "BLL", "{5A204D99-E45D-491B-B5A8-9C598752E461}"
EndProject
Project("{FAE04EC0-301F-11D3-BF4B-00C04F79EFBC}") = "Fulbert.BLL.PatientService", "BLL\Fulbert.BLL.PatientService\Fulbert.BLL.PatientService.csproj", "{EC8CB157-35CE-4555-B02E-EDCBDFBC7D5C}"
EndProject
Project("{2150E333-8FDC-42A3-9474-1A3956D46DE8}") = "BLL", "BLL", "{CBAAEC5E-C2CB-4956-BDE0-429FF3480E47}"
EndProject
Project("{FAE04EC0-301F-11D3-BF4B-00C04F79EFBC}") = "Fulbert.BLL.PatientService.Tests", "Tests\BLL\Fulbert.BLL.PatientService.Tests\Fulbert.BLL.PatientService.Tests.csproj", "{7D68AAAF-FAF3-45E8-9DCE-705DACFAC4E2}"
EndProject
Project("{FAE04EC0-301F-11D3-BF4B-00C04F79EFBC}") = "Fulbert.Tests.Common", "Tests\Fulbert.Tests.Common\Fulbert.Tests.Common.csproj", "{E0CE9EAA-481D-4CF3-868D-A25973C1888D}"
EndProject
Global
	GlobalSection(SolutionConfigurationPlatforms) = preSolution
		Debug|Any CPU = Debug|Any CPU
		Release|Any CPU = Release|Any CPU
	EndGlobalSection
	GlobalSection(ProjectConfigurationPlatforms) = postSolution
		{BAF0F03A-215D-4E88-BE02-A86E06CDF746}.Debug|Any CPU.ActiveCfg = Debug|Any CPU
		{BAF0F03A-215D-4E88-BE02-A86E06CDF746}.Debug|Any CPU.Build.0 = Debug|Any CPU
		{BAF0F03A-215D-4E88-BE02-A86E06CDF746}.Release|Any CPU.ActiveCfg = Release|Any CPU
		{BAF0F03A-215D-4E88-BE02-A86E06CDF746}.Release|Any CPU.Build.0 = Release|Any CPU
		{0B6C3ED5-7D80-42A2-A80A-D9EBB486555C}.Debug|Any CPU.ActiveCfg = Debug|Any CPU
		{0B6C3ED5-7D80-42A2-A80A-D9EBB486555C}.Debug|Any CPU.Build.0 = Debug|Any CPU
		{0B6C3ED5-7D80-42A2-A80A-D9EBB486555C}.Release|Any CPU.ActiveCfg = Release|Any CPU
		{0B6C3ED5-7D80-42A2-A80A-D9EBB486555C}.Release|Any CPU.Build.0 = Release|Any CPU
		{4A0EBD74-6A1F-482A-A63D-3285A6322B44}.Debug|Any CPU.ActiveCfg = Debug|Any CPU
		{4A0EBD74-6A1F-482A-A63D-3285A6322B44}.Debug|Any CPU.Build.0 = Debug|Any CPU
		{4A0EBD74-6A1F-482A-A63D-3285A6322B44}.Release|Any CPU.ActiveCfg = Release|Any CPU
		{4A0EBD74-6A1F-482A-A63D-3285A6322B44}.Release|Any CPU.Build.0 = Release|Any CPU
		{EC8CB157-35CE-4555-B02E-EDCBDFBC7D5C}.Debug|Any CPU.ActiveCfg = Debug|Any CPU
		{EC8CB157-35CE-4555-B02E-EDCBDFBC7D5C}.Debug|Any CPU.Build.0 = Debug|Any CPU
		{EC8CB157-35CE-4555-B02E-EDCBDFBC7D5C}.Release|Any CPU.ActiveCfg = Release|Any CPU
		{EC8CB157-35CE-4555-B02E-EDCBDFBC7D5C}.Release|Any CPU.Build.0 = Release|Any CPU
		{7D68AAAF-FAF3-45E8-9DCE-705DACFAC4E2}.Debug|Any CPU.ActiveCfg = Debug|Any CPU
		{7D68AAAF-FAF3-45E8-9DCE-705DACFAC4E2}.Debug|Any CPU.Build.0 = Debug|Any CPU
		{7D68AAAF-FAF3-45E8-9DCE-705DACFAC4E2}.Release|Any CPU.ActiveCfg = Release|Any CPU
		{7D68AAAF-FAF3-45E8-9DCE-705DACFAC4E2}.Release|Any CPU.Build.0 = Release|Any CPU
		{E0CE9EAA-481D-4CF3-868D-A25973C1888D}.Debug|Any CPU.ActiveCfg = Debug|Any CPU
		{E0CE9EAA-481D-4CF3-868D-A25973C1888D}.Debug|Any CPU.Build.0 = Debug|Any CPU
		{E0CE9EAA-481D-4CF3-868D-A25973C1888D}.Release|Any CPU.ActiveCfg = Release|Any CPU
		{E0CE9EAA-481D-4CF3-868D-A25973C1888D}.Release|Any CPU.Build.0 = Release|Any CPU
	EndGlobalSection
	GlobalSection(SolutionProperties) = preSolution
		HideSolutionNode = FALSE
	EndGlobalSection
	GlobalSection(NestedProjects) = preSolution
		{3EE89B08-F109-4C7B-9765-5FF83D60D14A} = {4050B4C5-FAAC-48E2-84CA-37093D1BF972}
		{0B6C3ED5-7D80-42A2-A80A-D9EBB486555C} = {F670ACA2-7BF1-4C0A-9234-320775508095}
		{4A0EBD74-6A1F-482A-A63D-3285A6322B44} = {3EE89B08-F109-4C7B-9765-5FF83D60D14A}
		{EC8CB157-35CE-4555-B02E-EDCBDFBC7D5C} = {5A204D99-E45D-491B-B5A8-9C598752E461}
		{CBAAEC5E-C2CB-4956-BDE0-429FF3480E47} = {4050B4C5-FAAC-48E2-84CA-37093D1BF972}
		{7D68AAAF-FAF3-45E8-9DCE-705DACFAC4E2} = {CBAAEC5E-C2CB-4956-BDE0-429FF3480E47}
		{E0CE9EAA-481D-4CF3-868D-A25973C1888D} = {4050B4C5-FAAC-48E2-84CA-37093D1BF972}
	EndGlobalSection
EndGlobal
